
Microsoft Visual Studio Solution File, Format Version 12.00
# Visual Studio Version 16
VisualStudioVersion = 16.0.30503.244
MinimumVisualStudioVersion = 10.0.40219.1
Project("{FAE04EC0-301F-11D3-BF4B-00C04F79EFBC}") = "DatabaseRead", "DatabaseRead\DatabaseRead.csproj", "{470D3836-4E3A-49BE-BBB0-4B5D6329EA4F}"
EndProject
Global
	GlobalSection(SolutionConfigurationPlatforms) = preSolution
		Debug|Any CPU = Debug|Any CPU
		Release|Any CPU = Release|Any CPU
	EndGlobalSection
	GlobalSection(ProjectConfigurationPlatforms) = postSolution
		{470D3836-4E3A-49BE-BBB0-4B5D6329EA4F}.Debug|Any CPU.ActiveCfg = Debug|Any CPU
		{470D3836-4E3A-49BE-BBB0-4B5D6329EA4F}.Debug|Any CPU.Build.0 = Debug|Any CPU
		{470D3836-4E3A-49BE-BBB0-4B5D6329EA4F}.Release|Any CPU.ActiveCfg = Release|Any CPU
		{470D3836-4E3A-49BE-BBB0-4B5D6329EA4F}.Release|Any CPU.Build.0 = Release|Any CPU
	EndGlobalSection
	GlobalSection(SolutionProperties) = preSolution
		HideSolutionNode = FALSE
	EndGlobalSection
	GlobalSection(ExtensibilityGlobals) = postSolution
		SolutionGuid = {8F12EE02-1AD3-45E1-9E6F-0BC2292F79EA}
	EndGlobalSection
EndGlobal
